
Microsoft Visual Studio Solution File, Format Version 12.00
# Visual Studio 15
VisualStudioVersion = 15.0.26430.6
MinimumVisualStudioVersion = 10.0.40219.1
Project("{FAE04EC0-301F-11D3-BF4B-00C04F79EFBC}") = "Wtwd.PublishSubscribe.Client", "src\Wtwd.PublishSubscribe.Client\Wtwd.PublishSubscribe.Client.csproj", "{093D972E-6983-458F-9816-F4197617A3C6}"
EndProject
Project("{9A19103F-16F7-4668-BE54-9A1E7A4F7556}") = "Wtwd.PublishSubscribe.Model", "src\Wtwd.PublishSubscribe.Model\Wtwd.PublishSubscribe.Model.csproj", "{53B2163A-66C4-4855-8B18-4A07B99B69BB}"
EndProject
Project("{9A19103F-16F7-4668-BE54-9A1E7A4F7556}") = "Wtwd.PublishSubscribe.Service", "src\Wtwd.PublishSubscribe.Service\Wtwd.PublishSubscribe.Service.csproj", "{A68A8F71-1080-4B20-85C7-8AD3E80854D2}"
EndProject
Project("{9A19103F-16F7-4668-BE54-9A1E7A4F7556}") = "Wtwd.PublishSubscribe.UnitTests", "tests\Wtwd.PublishSubscribe.UnitTests\Wtwd.PublishSubscribe.UnitTests.csproj", "{9AE67B27-ADCE-42A1-BA18-059F8DBDB95E}"
EndProject
Project("{9A19103F-16F7-4668-BE54-9A1E7A4F7556}") = "Wtwd.PublishSubscribe.IntegrationTests", "tests\Wtwd.PublishSubscribe.IntegrationTests\Wtwd.PublishSubscribe.IntegrationTests.csproj", "{B7E845C9-BACF-4262-8443-47501246D3E3}"
EndProject
Global
	GlobalSection(SolutionConfigurationPlatforms) = preSolution
		Debug|Any CPU = Debug|Any CPU
		Release|Any CPU = Release|Any CPU
	EndGlobalSection
	GlobalSection(ProjectConfigurationPlatforms) = postSolution
		{093D972E-6983-458F-9816-F4197617A3C6}.Debug|Any CPU.ActiveCfg = Debug|Any CPU
		{093D972E-6983-458F-9816-F4197617A3C6}.Debug|Any CPU.Build.0 = Debug|Any CPU
		{093D972E-6983-458F-9816-F4197617A3C6}.Release|Any CPU.ActiveCfg = Release|Any CPU
		{093D972E-6983-458F-9816-F4197617A3C6}.Release|Any CPU.Build.0 = Release|Any CPU
		{53B2163A-66C4-4855-8B18-4A07B99B69BB}.Debug|Any CPU.ActiveCfg = Debug|Any CPU
		{53B2163A-66C4-4855-8B18-4A07B99B69BB}.Debug|Any CPU.Build.0 = Debug|Any CPU
		{53B2163A-66C4-4855-8B18-4A07B99B69BB}.Release|Any CPU.ActiveCfg = Release|Any CPU
		{53B2163A-66C4-4855-8B18-4A07B99B69BB}.Release|Any CPU.Build.0 = Release|Any CPU
		{A68A8F71-1080-4B20-85C7-8AD3E80854D2}.Debug|Any CPU.ActiveCfg = Debug|Any CPU
		{A68A8F71-1080-4B20-85C7-8AD3E80854D2}.Debug|Any CPU.Build.0 = Debug|Any CPU
		{A68A8F71-1080-4B20-85C7-8AD3E80854D2}.Release|Any CPU.ActiveCfg = Release|Any CPU
		{A68A8F71-1080-4B20-85C7-8AD3E80854D2}.Release|Any CPU.Build.0 = Release|Any CPU
		{9AE67B27-ADCE-42A1-BA18-059F8DBDB95E}.Debug|Any CPU.ActiveCfg = Debug|Any CPU
		{9AE67B27-ADCE-42A1-BA18-059F8DBDB95E}.Debug|Any CPU.Build.0 = Debug|Any CPU
		{9AE67B27-ADCE-42A1-BA18-059F8DBDB95E}.Release|Any CPU.ActiveCfg = Release|Any CPU
		{9AE67B27-ADCE-42A1-BA18-059F8DBDB95E}.Release|Any CPU.Build.0 = Release|Any CPU
		{B7E845C9-BACF-4262-8443-47501246D3E3}.Debug|Any CPU.ActiveCfg = Debug|Any CPU
		{B7E845C9-BACF-4262-8443-47501246D3E3}.Debug|Any CPU.Build.0 = Debug|Any CPU
		{B7E845C9-BACF-4262-8443-47501246D3E3}.Release|Any CPU.ActiveCfg = Release|Any CPU
		{B7E845C9-BACF-4262-8443-47501246D3E3}.Release|Any CPU.Build.0 = Release|Any CPU
	EndGlobalSection
	GlobalSection(SolutionProperties) = preSolution
		HideSolutionNode = FALSE
	EndGlobalSection
EndGlobal
