
Microsoft Visual Studio Solution File, Format Version 12.00
# Visual Studio 15
VisualStudioVersion = 15.0.26403.7
MinimumVisualStudioVersion = 10.0.40219.1
Project("{9A19103F-16F7-4668-BE54-9A1E7A4F7556}") = "Wtwd.PublishSubscribe.Service", "Wtwd.PublishSubscribe.Service\Wtwd.PublishSubscribe.Service.csproj", "{7AB8A6F6-9763-47A8-9D52-F17067E4976A}"
EndProject
Project("{FAE04EC0-301F-11D3-BF4B-00C04F79EFBC}") = "Wtwd.PublishSubscribe.Client", "Wtwd.PublishSubscribe.Client\Wtwd.PublishSubscribe.Client.csproj", "{8252FF85-E76E-4D06-8CB1-A4E0ADD7EE27}"
EndProject
Project("{FAE04EC0-301F-11D3-BF4B-00C04F79EFBC}") = "Wtwd.PublishSubscribe.Model", "Wtwd.PublishSubscribe.Model\Wtwd.PublishSubscribe.Model.csproj", "{B8A2A071-D18A-46A9-A999-F0934A2081B9}"
EndProject
Global
	GlobalSection(SolutionConfigurationPlatforms) = preSolution
		Debug|Any CPU = Debug|Any CPU
		Release|Any CPU = Release|Any CPU
	EndGlobalSection
	GlobalSection(ProjectConfigurationPlatforms) = postSolution
		{7AB8A6F6-9763-47A8-9D52-F17067E4976A}.Debug|Any CPU.ActiveCfg = Debug|Any CPU
		{7AB8A6F6-9763-47A8-9D52-F17067E4976A}.Debug|Any CPU.Build.0 = Debug|Any CPU
		{7AB8A6F6-9763-47A8-9D52-F17067E4976A}.Release|Any CPU.ActiveCfg = Release|Any CPU
		{7AB8A6F6-9763-47A8-9D52-F17067E4976A}.Release|Any CPU.Build.0 = Release|Any CPU
		{8252FF85-E76E-4D06-8CB1-A4E0ADD7EE27}.Debug|Any CPU.ActiveCfg = Debug|Any CPU
		{8252FF85-E76E-4D06-8CB1-A4E0ADD7EE27}.Debug|Any CPU.Build.0 = Debug|Any CPU
		{8252FF85-E76E-4D06-8CB1-A4E0ADD7EE27}.Release|Any CPU.ActiveCfg = Release|Any CPU
		{8252FF85-E76E-4D06-8CB1-A4E0ADD7EE27}.Release|Any CPU.Build.0 = Release|Any CPU
		{B8A2A071-D18A-46A9-A999-F0934A2081B9}.Debug|Any CPU.ActiveCfg = Debug|Any CPU
		{B8A2A071-D18A-46A9-A999-F0934A2081B9}.Debug|Any CPU.Build.0 = Debug|Any CPU
		{B8A2A071-D18A-46A9-A999-F0934A2081B9}.Release|Any CPU.ActiveCfg = Release|Any CPU
		{B8A2A071-D18A-46A9-A999-F0934A2081B9}.Release|Any CPU.Build.0 = Release|Any CPU
	EndGlobalSection
	GlobalSection(SolutionProperties) = preSolution
		HideSolutionNode = FALSE
	EndGlobalSection
EndGlobal
